github.com/artyom/autoflags v1.1.1 h1:8flRmpb7xpjLHFVcM+HN+cEEKLw+H5a2hABDbRvfG9A=
github.com/artyom/autoflags v1.1.1/go.mod h1:Th9KgAVvFcYp7t8b//Pu21xHjExLpzr4SXCbwVbHL7Y=
github.com/gomarkdown/markdown v0.0.0-20190203074024-f12dffcd0f4e h1:pTwv+zREUhuBKYaGyBNhK0WoPh0VXCSCGi77N9kv6oM=
github.com/gomarkdown/markdown v0.0.0-20190203074024-f12dffcd0f4e/go.mod h1:gmFANS06wAVmF0B9yi65QKsRmPQ97tze7FRLswua+OY=
